
Microsoft Visual Studio Solution File, Format Version 12.00
# Visual Studio 14
VisualStudioVersion = 14.0.25420.1
MinimumVisualStudioVersion = 10.0.40219.1
Project("{FAE04EC0-301F-11D3-BF4B-00C04F79EFBC}") = "DotNetCraft.Common.NLogger", "src\DotNetCraft.Common.NLogger\DotNetCraft.Common.NLogger.csproj", "{D1946366-BF4B-435E-9BEC-3941A48E1E29}"
EndProject
Project("{2150E333-8FDC-42A3-9474-1A3956D46DE8}") = "Logging", "Logging", "{D8693C95-585A-4AD9-A118-D752982A0C4E}"
EndProject
Project("{2150E333-8FDC-42A3-9474-1A3956D46DE8}") = ".nuget", ".nuget", "{4EC83DDA-9D2B-4EF6-9491-502FF484E73D}"
	ProjectSection(SolutionItems) = preProject
		.nuget\DotNetCraft.Common.NinjectDependencyResolver.nuspec = .nuget\DotNetCraft.Common.NinjectDependencyResolver.nuspec
		.nuget\DotNetCraft.Common.NLogger.nuspec = .nuget\DotNetCraft.Common.NLogger.nuspec
		.nuget\DotNetCraft.FunctionManager.nuspec = .nuget\DotNetCraft.FunctionManager.nuspec
		NuGet.Config = NuGet.Config
	EndProjectSection
EndProject
Project("{2150E333-8FDC-42A3-9474-1A3956D46DE8}") = "DependencyResolvers", "DependencyResolvers", "{A980F079-439A-4A2E-8247-5222C6C64B3A}"
EndProject
Project("{FAE04EC0-301F-11D3-BF4B-00C04F79EFBC}") = "DotNetCraft.Common.NinjectDependencyResolver", "src\DotNetCraft.Common.NinjectDependencyResolver\DotNetCraft.Common.NinjectDependencyResolver.csproj", "{D2156D43-0C0C-4BAD-A017-EF6F09967D8A}"
EndProject
Project("{2150E333-8FDC-42A3-9474-1A3956D46DE8}") = "Tests", "Tests", "{25405E73-2E77-42F4-AEFD-3328F217006A}"
EndProject
Project("{FAE04EC0-301F-11D3-BF4B-00C04F79EFBC}") = "NinjectDependencyResolver.Tests", "tests\NinjectDependencyResolver.Tests\NinjectDependencyResolver.Tests.csproj", "{9AF8496A-D568-4B03-98CF-F2102E0796C4}"
EndProject
Project("{2150E333-8FDC-42A3-9474-1A3956D46DE8}") = "FunctionManager", "FunctionManager", "{367266FD-ABF3-4E1E-AD20-24EE33D2D6C4}"
EndProject
Project("{FAE04EC0-301F-11D3-BF4B-00C04F79EFBC}") = "DotNetCraft.FunctionManager", "src\DotNetCraft.FunctionManager\DotNetCraft.FunctionManager.csproj", "{5D3DBC2F-C2A7-45F2-9211-BCE0202749AA}"
EndProject
Project("{2150E333-8FDC-42A3-9474-1A3956D46DE8}") = "Tests", "Tests", "{0725D03E-8BFA-4300-9094-550C4283AC95}"
EndProject
Project("{FAE04EC0-301F-11D3-BF4B-00C04F79EFBC}") = "FunctionManager.Tests", "tests\FunctionManager.Tests\FunctionManager.Tests.csproj", "{2B426B01-66FC-4180-A6E7-84C5A48E505A}"
EndProject
Global
	GlobalSection(SolutionConfigurationPlatforms) = preSolution
		Debug|Any CPU = Debug|Any CPU
		Release|Any CPU = Release|Any CPU
	EndGlobalSection
	GlobalSection(ProjectConfigurationPlatforms) = postSolution
		{D1946366-BF4B-435E-9BEC-3941A48E1E29}.Debug|Any CPU.ActiveCfg = Debug|Any CPU
		{D1946366-BF4B-435E-9BEC-3941A48E1E29}.Debug|Any CPU.Build.0 = Debug|Any CPU
		{D1946366-BF4B-435E-9BEC-3941A48E1E29}.Release|Any CPU.ActiveCfg = Release|Any CPU
		{D1946366-BF4B-435E-9BEC-3941A48E1E29}.Release|Any CPU.Build.0 = Release|Any CPU
		{D2156D43-0C0C-4BAD-A017-EF6F09967D8A}.Debug|Any CPU.ActiveCfg = Debug|Any CPU
		{D2156D43-0C0C-4BAD-A017-EF6F09967D8A}.Debug|Any CPU.Build.0 = Debug|Any CPU
		{D2156D43-0C0C-4BAD-A017-EF6F09967D8A}.Release|Any CPU.ActiveCfg = Release|Any CPU
		{D2156D43-0C0C-4BAD-A017-EF6F09967D8A}.Release|Any CPU.Build.0 = Release|Any CPU
		{9AF8496A-D568-4B03-98CF-F2102E0796C4}.Debug|Any CPU.ActiveCfg = Debug|Any CPU
		{9AF8496A-D568-4B03-98CF-F2102E0796C4}.Debug|Any CPU.Build.0 = Debug|Any CPU
		{9AF8496A-D568-4B03-98CF-F2102E0796C4}.Release|Any CPU.ActiveCfg = Release|Any CPU
		{9AF8496A-D568-4B03-98CF-F2102E0796C4}.Release|Any CPU.Build.0 = Release|Any CPU
		{5D3DBC2F-C2A7-45F2-9211-BCE0202749AA}.Debug|Any CPU.ActiveCfg = Debug|Any CPU
		{5D3DBC2F-C2A7-45F2-9211-BCE0202749AA}.Debug|Any CPU.Build.0 = Debug|Any CPU
		{5D3DBC2F-C2A7-45F2-9211-BCE0202749AA}.Release|Any CPU.ActiveCfg = Release|Any CPU
		{5D3DBC2F-C2A7-45F2-9211-BCE0202749AA}.Release|Any CPU.Build.0 = Release|Any CPU
		{2B426B01-66FC-4180-A6E7-84C5A48E505A}.Debug|Any CPU.ActiveCfg = Debug|Any CPU
		{2B426B01-66FC-4180-A6E7-84C5A48E505A}.Debug|Any CPU.Build.0 = Debug|Any CPU
		{2B426B01-66FC-4180-A6E7-84C5A48E505A}.Release|Any CPU.ActiveCfg = Release|Any CPU
		{2B426B01-66FC-4180-A6E7-84C5A48E505A}.Release|Any CPU.Build.0 = Release|Any CPU
	EndGlobalSection
	GlobalSection(SolutionProperties) = preSolution
		HideSolutionNode = FALSE
	EndGlobalSection
	GlobalSection(NestedProjects) = preSolution
		{D1946366-BF4B-435E-9BEC-3941A48E1E29} = {D8693C95-585A-4AD9-A118-D752982A0C4E}
		{D2156D43-0C0C-4BAD-A017-EF6F09967D8A} = {A980F079-439A-4A2E-8247-5222C6C64B3A}
		{25405E73-2E77-42F4-AEFD-3328F217006A} = {A980F079-439A-4A2E-8247-5222C6C64B3A}
		{9AF8496A-D568-4B03-98CF-F2102E0796C4} = {25405E73-2E77-42F4-AEFD-3328F217006A}
		{5D3DBC2F-C2A7-45F2-9211-BCE0202749AA} = {367266FD-ABF3-4E1E-AD20-24EE33D2D6C4}
		{0725D03E-8BFA-4300-9094-550C4283AC95} = {367266FD-ABF3-4E1E-AD20-24EE33D2D6C4}
		{2B426B01-66FC-4180-A6E7-84C5A48E505A} = {0725D03E-8BFA-4300-9094-550C4283AC95}
	EndGlobalSection
EndGlobal
